
Microsoft Visual Studio Solution File, Format Version 12.00
# Visual Studio 15
VisualStudioVersion = 15.0.28010.2016
MinimumVisualStudioVersion = 10.0.40219.1
Project("{FAE04EC0-301F-11D3-BF4B-00C04F79EFBC}") = "Itsearviointi4", "Itsearviointi4\Itsearviointi4.csproj", "{64078E0B-0DD9-4EB0-966D-D54F86377130}"
EndProject
Global
	GlobalSection(SolutionConfigurationPlatforms) = preSolution
		Debug|Any CPU = Debug|Any CPU
		Release|Any CPU = Release|Any CPU
	EndGlobalSection
	GlobalSection(ProjectConfigurationPlatforms) = postSolution
		{64078E0B-0DD9-4EB0-966D-D54F86377130}.Debug|Any CPU.ActiveCfg = Debug|Any CPU
		{64078E0B-0DD9-4EB0-966D-D54F86377130}.Debug|Any CPU.Build.0 = Debug|Any CPU
		{64078E0B-0DD9-4EB0-966D-D54F86377130}.Release|Any CPU.ActiveCfg = Release|Any CPU
		{64078E0B-0DD9-4EB0-966D-D54F86377130}.Release|Any CPU.Build.0 = Release|Any CPU
	EndGlobalSection
	GlobalSection(SolutionProperties) = preSolution
		HideSolutionNode = FALSE
	EndGlobalSection
	GlobalSection(ExtensibilityGlobals) = postSolution
		SolutionGuid = {BE9B0921-4F65-42AD-8A56-A70A108FE2AD}
	EndGlobalSection
EndGlobal
