
Microsoft Visual Studio Solution File, Format Version 12.00
# Visual Studio 15
VisualStudioVersion = 15.0.28010.2016
MinimumVisualStudioVersion = 10.0.40219.1
Project("{FAE04EC0-301F-11D3-BF4B-00C04F79EFBC}") = "IF harjoitus 1+2", "IF harjoitus 1+2\IF harjoitus 1+2.csproj", "{D4449D36-D6B3-4BEA-A194-238BDD915485}"
EndProject
Global
	GlobalSection(SolutionConfigurationPlatforms) = preSolution
		Debug|Any CPU = Debug|Any CPU
		Release|Any CPU = Release|Any CPU
	EndGlobalSection
	GlobalSection(ProjectConfigurationPlatforms) = postSolution
		{D4449D36-D6B3-4BEA-A194-238BDD915485}.Debug|Any CPU.ActiveCfg = Debug|Any CPU
		{D4449D36-D6B3-4BEA-A194-238BDD915485}.Debug|Any CPU.Build.0 = Debug|Any CPU
		{D4449D36-D6B3-4BEA-A194-238BDD915485}.Release|Any CPU.ActiveCfg = Release|Any CPU
		{D4449D36-D6B3-4BEA-A194-238BDD915485}.Release|Any CPU.Build.0 = Release|Any CPU
	EndGlobalSection
	GlobalSection(SolutionProperties) = preSolution
		HideSolutionNode = FALSE
	EndGlobalSection
	GlobalSection(ExtensibilityGlobals) = postSolution
		SolutionGuid = {1842BDCA-7927-4E0E-90FE-E7C2836BA5E5}
	EndGlobalSection
EndGlobal
