
Microsoft Visual Studio Solution File, Format Version 12.00
# Visual Studio 15
VisualStudioVersion = 15.0.28010.2016
MinimumVisualStudioVersion = 10.0.40219.1
Project("{FAE04EC0-301F-11D3-BF4B-00C04F79EFBC}") = "IF training 2", "IF training 2\IF training 2.csproj", "{496A9376-6F2D-4629-9049-B6B380118438}"
EndProject
Global
	GlobalSection(SolutionConfigurationPlatforms) = preSolution
		Debug|Any CPU = Debug|Any CPU
		Release|Any CPU = Release|Any CPU
	EndGlobalSection
	GlobalSection(ProjectConfigurationPlatforms) = postSolution
		{496A9376-6F2D-4629-9049-B6B380118438}.Debug|Any CPU.ActiveCfg = Debug|Any CPU
		{496A9376-6F2D-4629-9049-B6B380118438}.Debug|Any CPU.Build.0 = Debug|Any CPU
		{496A9376-6F2D-4629-9049-B6B380118438}.Release|Any CPU.ActiveCfg = Release|Any CPU
		{496A9376-6F2D-4629-9049-B6B380118438}.Release|Any CPU.Build.0 = Release|Any CPU
	EndGlobalSection
	GlobalSection(SolutionProperties) = preSolution
		HideSolutionNode = FALSE
	EndGlobalSection
	GlobalSection(ExtensibilityGlobals) = postSolution
		SolutionGuid = {CBB6DB27-1EAC-4CB0-8FEE-96A7D8066322}
	EndGlobalSection
EndGlobal
